
Microsoft Visual Studio Solution File, Format Version 12.00
# Visual Studio Version 17
VisualStudioVersion = 17.8.34330.188
MinimumVisualStudioVersion = 10.0.40219.1
Project("{FAE04EC0-301F-11D3-BF4B-00C04F79EFBC}") = "ApiRevealer", "ApiRevealer.csproj", "{5D9E3350-C4C9-4458-8B38-65B23C626851}"
EndProject
Global
	GlobalSection(SolutionConfigurationPlatforms) = preSolution
		Debug|Any CPU = Debug|Any CPU
		Release|Any CPU = Release|Any CPU
	EndGlobalSection
	GlobalSection(ProjectConfigurationPlatforms) = postSolution
		{5D9E3350-C4C9-4458-8B38-65B23C626851}.Debug|Any CPU.ActiveCfg = Debug|Any CPU
		{5D9E3350-C4C9-4458-8B38-65B23C626851}.Debug|Any CPU.Build.0 = Debug|Any CPU
		{5D9E3350-C4C9-4458-8B38-65B23C626851}.Release|Any CPU.ActiveCfg = Release|Any CPU
		{5D9E3350-C4C9-4458-8B38-65B23C626851}.Release|Any CPU.Build.0 = Release|Any CPU
	EndGlobalSection
	GlobalSection(SolutionProperties) = preSolution
		HideSolutionNode = FALSE
	EndGlobalSection
	GlobalSection(ExtensibilityGlobals) = postSolution
		SolutionGuid = {41E16D0E-3574-4CD3-8063-87B2BD6D46BA}
	EndGlobalSection
EndGlobal
